
Microsoft Visual Studio Solution File, Format Version 12.00
# Visual Studio Version 17
VisualStudioVersion = 17.3.32929.385
MinimumVisualStudioVersion = 10.0.40219.1
Project("{FAE04EC0-301F-11D3-BF4B-00C04F79EFBC}") = "ProjetArchiLog", "ProjetArchiLog\ProjetArchiLog.csproj", "{7813A718-7651-4695-9AC5-23A70D86CC05}"
EndProject
Project("{FAE04EC0-301F-11D3-BF4B-00C04F79EFBC}") = "LibraryArchiLog", "LibraryArchiLog\LibraryArchiLog.csproj", "{8C80EBE6-4FD8-4935-8004-0869C17D26A0}"
EndProject
Global
	GlobalSection(SolutionConfigurationPlatforms) = preSolution
		Debug|Any CPU = Debug|Any CPU
		Release|Any CPU = Release|Any CPU
	EndGlobalSection
	GlobalSection(ProjectConfigurationPlatforms) = postSolution
		{7813A718-7651-4695-9AC5-23A70D86CC05}.Debug|Any CPU.ActiveCfg = Debug|Any CPU
		{7813A718-7651-4695-9AC5-23A70D86CC05}.Debug|Any CPU.Build.0 = Debug|Any CPU
		{7813A718-7651-4695-9AC5-23A70D86CC05}.Release|Any CPU.ActiveCfg = Release|Any CPU
		{7813A718-7651-4695-9AC5-23A70D86CC05}.Release|Any CPU.Build.0 = Release|Any CPU
		{8C80EBE6-4FD8-4935-8004-0869C17D26A0}.Debug|Any CPU.ActiveCfg = Debug|Any CPU
		{8C80EBE6-4FD8-4935-8004-0869C17D26A0}.Debug|Any CPU.Build.0 = Debug|Any CPU
		{8C80EBE6-4FD8-4935-8004-0869C17D26A0}.Release|Any CPU.ActiveCfg = Release|Any CPU
		{8C80EBE6-4FD8-4935-8004-0869C17D26A0}.Release|Any CPU.Build.0 = Release|Any CPU
	EndGlobalSection
	GlobalSection(SolutionProperties) = preSolution
		HideSolutionNode = FALSE
	EndGlobalSection
	GlobalSection(ExtensibilityGlobals) = postSolution
		SolutionGuid = {1B80F97A-4968-4842-B3BF-37B90DD147A6}
	EndGlobalSection
EndGlobal
